{
  "requires": true,
  "lockfileVersion": 1,
  "dependencies": {
    "ag-grid": {
      "version": "18.1.2",
      "resolved": "https://registry.npmjs.org/ag-grid/-/ag-grid-18.1.2.tgz",
      "integrity": "sha512-HtJt8iFcRKCBj5UHBDmwSLLr72F3XDACeBNarH4nJWFHIqcnu7u0Ifrd2nftPmfEBj6YjFHawDqcZL2yo3YfmQ=="
    },
    "bootstrap": {
      "version": "4.1.3",
      "resolved": "https://registry.npmjs.org/bootstrap/-/bootstrap-4.1.3.tgz",
      "integrity": "sha512-rDFIzgXcof0jDyjNosjv4Sno77X4KuPeFxG2XZZv1/Kc8DRVGVADdoQyyOVDwPqL36DDmtCQbrpMCqvpPLJQ0w=="
    },
    "jquery": {
      "version": "3.3.1",
      "resolved": "https://registry.npmjs.org/jquery/-/jquery-3.3.1.tgz",
      "integrity": "sha512-Ubldcmxp5np52/ENotGxlLe6aGMvmF4R8S6tZjsP6Knsaxd/xp3Zrh50cG93lR6nPXyUFwzN3ZSOQI0wRJNdGg=="
    },
    "toastr": {
      "version": "2.1.4",
      "resolved": "https://registry.npmjs.org/toastr/-/toastr-2.1.4.tgz",
      "integrity": "sha1-i0O+ZPudDEFIcURvLbjoyk6V8YE=",
      "requires": {
        "jquery": "3.3.1"
      }
    }
  }
}
